// !$*UTF8*$!
{
	archiveVersion = 1;
	classes = {
	};
	objectVersion = 50;
	objects = {

/* Begin PBXBuildFile section */
		66D722CB9B3ED0B8300B9B5C /* Pods_LikeAppStore.framework in Frameworks */ = {isa = PBXBuildFile; fileRef = 82CEB71A434457B0D8D53242 /* Pods_LikeAppStore.framework */; };
		6B1182EA22735B4B0030CC30 /* AppDelegate.swift in Sources */ = {isa = PBXBuildFile; fileRef = 6B1182E922735B4B0030CC30 /* AppDelegate.swift */; };
		6B1182EF22735B4B0030CC30 /* Main.storyboard in Resources */ = {isa = PBXBuildFile; fileRef = 6B1182ED22735B4B0030CC30 /* Main.storyboard */; };
		6B1182F122735B4D0030CC30 /* Assets.xcassets in Resources */ = {isa = PBXBuildFile; fileRef = 6B1182F022735B4D0030CC30 /* Assets.xcassets */; };
		6B1182F422735B4D0030CC30 /* LaunchScreen.storyboard in Resources */ = {isa = PBXBuildFile; fileRef = 6B1182F222735B4D0030CC30 /* LaunchScreen.storyboard */; };
		6B1182FD22735BD30030CC30 /* BaseTabBarController.swift in Sources */ = {isa = PBXBuildFile; fileRef = 6B1182FC22735BD30030CC30 /* BaseTabBarController.swift */; };
		6B1182FF22736B9B0030CC30 /* AppSearchController.swift in Sources */ = {isa = PBXBuildFile; fileRef = 6B1182FE22736B9B0030CC30 /* AppSearchController.swift */; };
		6B118303227379CE0030CC30 /* SearchResultCell.swift in Sources */ = {isa = PBXBuildFile; fileRef = 6B118302227379CE0030CC30 /* SearchResultCell.swift */; };
		6B11830522737E460030CC30 /* UIView+Layout.swift in Sources */ = {isa = PBXBuildFile; fileRef = 6B11830422737E460030CC30 /* UIView+Layout.swift */; };
		6B118308227382960030CC30 /* VerticalStackView.swift in Sources */ = {isa = PBXBuildFile; fileRef = 6B118307227382960030CC30 /* VerticalStackView.swift */; };
		6B11830B2274577D0030CC30 /* SearchResult.swift in Sources */ = {isa = PBXBuildFile; fileRef = 6B11830A2274577D0030CC30 /* SearchResult.swift */; };
		6B11830E22745B700030CC30 /* Service.swift in Sources */ = {isa = PBXBuildFile; fileRef = 6B11830D22745B700030CC30 /* Service.swift */; };
		6B1183162274A0BF0030CC30 /* BaseListController.swift in Sources */ = {isa = PBXBuildFile; fileRef = 6B1183152274A0BF0030CC30 /* BaseListController.swift */; };
		6B1183192274A1910030CC30 /* AppsGroupCell.swift in Sources */ = {isa = PBXBuildFile; fileRef = 6B1183182274A1910030CC30 /* AppsGroupCell.swift */; };
		6B11831B2274A3640030CC30 /* AppsHorizontalController.swift in Sources */ = {isa = PBXBuildFile; fileRef = 6B11831A2274A3640030CC30 /* AppsHorizontalController.swift */; };
		6B11831D2274ABD10030CC30 /* AppRowCell.swift in Sources */ = {isa = PBXBuildFile; fileRef = 6B11831C2274ABD10030CC30 /* AppRowCell.swift */; };
		6B11831F2274AC530030CC30 /* Extensions.swift in Sources */ = {isa = PBXBuildFile; fileRef = 6B11831E2274AC530030CC30 /* Extensions.swift */; };
		6B1183232274B3960030CC30 /* AppsPageHeader.swift in Sources */ = {isa = PBXBuildFile; fileRef = 6B1183222274B3960030CC30 /* AppsPageHeader.swift */; };
		6B1183252274B4E70030CC30 /* AppsHeaderHorizontalController.swift in Sources */ = {isa = PBXBuildFile; fileRef = 6B1183242274B4E70030CC30 /* AppsHeaderHorizontalController.swift */; };
		6B1183272274B5CC0030CC30 /* AppsHeaderCell.swift in Sources */ = {isa = PBXBuildFile; fileRef = 6B1183262274B5CC0030CC30 /* AppsHeaderCell.swift */; };
		6B11832D2275E8510030CC30 /* AppsPageController.swift in Sources */ = {isa = PBXBuildFile; fileRef = 6B11832C2275E8510030CC30 /* AppsPageController.swift */; };
		6B11832F2275E98A0030CC30 /* AppGroup.swift in Sources */ = {isa = PBXBuildFile; fileRef = 6B11832E2275E98A0030CC30 /* AppGroup.swift */; };
		6B1183322275FB2C0030CC30 /* SocialApp.swift in Sources */ = {isa = PBXBuildFile; fileRef = 6B1183312275FB2C0030CC30 /* SocialApp.swift */; };
		6B118334227630090030CC30 /* HorizontalSnappingController.swift in Sources */ = {isa = PBXBuildFile; fileRef = 6B118333227630090030CC30 /* HorizontalSnappingController.swift */; };
		6B118336227633A50030CC30 /* BettersSnapingLayout.swift in Sources */ = {isa = PBXBuildFile; fileRef = 6B118335227633A50030CC30 /* BettersSnapingLayout.swift */; };
		6B118339227638120030CC30 /* AppDetailController.swift in Sources */ = {isa = PBXBuildFile; fileRef = 6B118338227638120030CC30 /* AppDetailController.swift */; };
		6B11833C22763CD50030CC30 /* AppDetailsCell.swift in Sources */ = {isa = PBXBuildFile; fileRef = 6B11833B22763CD50030CC30 /* AppDetailsCell.swift */; };
/* End PBXBuildFile section */

/* Begin PBXFileReference section */
		6B1182E622735B4B0030CC30 /* LikeAppStore.app */ = {isa = PBXFileReference; explicitFileType = wrapper.application; includeInIndex = 0; path = LikeAppStore.app; sourceTree = BUILT_PRODUCTS_DIR; };
		6B1182E922735B4B0030CC30 /* AppDelegate.swift */ = {isa = PBXFileReference; lastKnownFileType = sourcecode.swift; path = AppDelegate.swift; sourceTree = "<group>"; };
		6B1182EE22735B4B0030CC30 /* Base */ = {isa = PBXFileReference; lastKnownFileType = file.storyboard; name = Base; path = Base.lproj/Main.storyboard; sourceTree = "<group>"; };
		6B1182F022735B4D0030CC30 /* Assets.xcassets */ = {isa = PBXFileReference; lastKnownFileType = folder.assetcatalog; path = Assets.xcassets; sourceTree = "<group>"; };
		6B1182F322735B4D0030CC30 /* Base */ = {isa = PBXFileReference; lastKnownFileType = file.storyboard; name = Base; path = Base.lproj/LaunchScreen.storyboard; sourceTree = "<group>"; };
		6B1182F522735B4D0030CC30 /* Info.plist */ = {isa = PBXFileReference; lastKnownFileType = text.plist.xml; path = Info.plist; sourceTree = "<group>"; };
		6B1182FC22735BD30030CC30 /* BaseTabBarController.swift */ = {isa = PBXFileReference; lastKnownFileType = sourcecode.swift; path = BaseTabBarController.swift; sourceTree = "<group>"; };
		6B1182FE22736B9B0030CC30 /* AppSearchController.swift */ = {isa = PBXFileReference; lastKnownFileType = sourcecode.swift; path = AppSearchController.swift; sourceTree = "<group>"; };
		6B118302227379CE0030CC30 /* SearchResultCell.swift */ = {isa = PBXFileReference; lastKnownFileType = sourcecode.swift; path = SearchResultCell.swift; sourceTree = "<group>"; };
		6B11830422737E460030CC30 /* UIView+Layout.swift */ = {isa = PBXFileReference; fileEncoding = 4; lastKnownFileType = sourcecode.swift; path = "UIView+Layout.swift"; sourceTree = "<group>"; };
		6B118307227382960030CC30 /* VerticalStackView.swift */ = {isa = PBXFileReference; lastKnownFileType = sourcecode.swift; path = VerticalStackView.swift; sourceTree = "<group>"; };
		6B11830A2274577D0030CC30 /* SearchResult.swift */ = {isa = PBXFileReference; lastKnownFileType = sourcecode.swift; path = SearchResult.swift; sourceTree = "<group>"; };
		6B11830D22745B700030CC30 /* Service.swift */ = {isa = PBXFileReference; lastKnownFileType = sourcecode.swift; path = Service.swift; sourceTree = "<group>"; };
		6B1183152274A0BF0030CC30 /* BaseListController.swift */ = {isa = PBXFileReference; lastKnownFileType = sourcecode.swift; path = BaseListController.swift; sourceTree = "<group>"; };
		6B1183182274A1910030CC30 /* AppsGroupCell.swift */ = {isa = PBXFileReference; lastKnownFileType = sourcecode.swift; path = AppsGroupCell.swift; sourceTree = "<group>"; };
		6B11831A2274A3640030CC30 /* AppsHorizontalController.swift */ = {isa = PBXFileReference; lastKnownFileType = sourcecode.swift; path = AppsHorizontalController.swift; sourceTree = "<group>"; };
		6B11831C2274ABD10030CC30 /* AppRowCell.swift */ = {isa = PBXFileReference; lastKnownFileType = sourcecode.swift; path = AppRowCell.swift; sourceTree = "<group>"; };
		6B11831E2274AC530030CC30 /* Extensions.swift */ = {isa = PBXFileReference; lastKnownFileType = sourcecode.swift; path = Extensions.swift; sourceTree = "<group>"; };
		6B1183222274B3960030CC30 /* AppsPageHeader.swift */ = {isa = PBXFileReference; lastKnownFileType = sourcecode.swift; path = AppsPageHeader.swift; sourceTree = "<group>"; };
		6B1183242274B4E70030CC30 /* AppsHeaderHorizontalController.swift */ = {isa = PBXFileReference; lastKnownFileType = sourcecode.swift; path = AppsHeaderHorizontalController.swift; sourceTree = "<group>"; };
		6B1183262274B5CC0030CC30 /* AppsHeaderCell.swift */ = {isa = PBXFileReference; lastKnownFileType = sourcecode.swift; path = AppsHeaderCell.swift; sourceTree = "<group>"; };
		6B11832C2275E8510030CC30 /* AppsPageController.swift */ = {isa = PBXFileReference; lastKnownFileType = sourcecode.swift; path = AppsPageController.swift; sourceTree = "<group>"; };
		6B11832E2275E98A0030CC30 /* AppGroup.swift */ = {isa = PBXFileReference; lastKnownFileType = sourcecode.swift; path = AppGroup.swift; sourceTree = "<group>"; };
		6B1183312275FB2C0030CC30 /* SocialApp.swift */ = {isa = PBXFileReference; lastKnownFileType = sourcecode.swift; path = SocialApp.swift; sourceTree = "<group>"; };
		6B118333227630090030CC30 /* HorizontalSnappingController.swift */ = {isa = PBXFileReference; lastKnownFileType = sourcecode.swift; path = HorizontalSnappingController.swift; sourceTree = "<group>"; };
		6B118335227633A50030CC30 /* BettersSnapingLayout.swift */ = {isa = PBXFileReference; lastKnownFileType = sourcecode.swift; path = BettersSnapingLayout.swift; sourceTree = "<group>"; };
		6B118338227638120030CC30 /* AppDetailController.swift */ = {isa = PBXFileReference; lastKnownFileType = sourcecode.swift; path = AppDetailController.swift; sourceTree = "<group>"; };
		6B11833B22763CD50030CC30 /* AppDetailsCell.swift */ = {isa = PBXFileReference; lastKnownFileType = sourcecode.swift; path = AppDetailsCell.swift; sourceTree = "<group>"; };
		82CEB71A434457B0D8D53242 /* Pods_LikeAppStore.framework */ = {isa = PBXFileReference; explicitFileType = wrapper.framework; includeInIndex = 0; path = Pods_LikeAppStore.framework; sourceTree = BUILT_PRODUCTS_DIR; };
		96E2F0A5868E369A63F5BD5C /* Pods-LikeAppStore.debug.xcconfig */ = {isa = PBXFileReference; includeInIndex = 1; lastKnownFileType = text.xcconfig; name = "Pods-LikeAppStore.debug.xcconfig"; path = "Pods/Target Support Files/Pods-LikeAppStore/Pods-LikeAppStore.debug.xcconfig"; sourceTree = "<group>"; };
		C1C2F27D9664451AA8912B1E /* Pods-LikeAppStore.release.xcconfig */ = {isa = PBXFileReference; includeInIndex = 1; lastKnownFileType = text.xcconfig; name = "Pods-LikeAppStore.release.xcconfig"; path = "Pods/Target Support Files/Pods-LikeAppStore/Pods-LikeAppStore.release.xcconfig"; sourceTree = "<group>"; };
/* End PBXFileReference section */

/* Begin PBXFrameworksBuildPhase section */
		6B1182E322735B4B0030CC30 /* Frameworks */ = {
			isa = PBXFrameworksBuildPhase;
			buildActionMask = 2147483647;
			files = (
				66D722CB9B3ED0B8300B9B5C /* Pods_LikeAppStore.framework in Frameworks */,
			);
			runOnlyForDeploymentPostprocessing = 0;
		};
/* End PBXFrameworksBuildPhase section */

/* Begin PBXGroup section */
		3DD7B4C8ACA34DAE9E0A56A6 /* Frameworks */ = {
			isa = PBXGroup;
			children = (
				82CEB71A434457B0D8D53242 /* Pods_LikeAppStore.framework */,
			);
			name = Frameworks;
			sourceTree = "<group>";
		};
		6B1182DD22735B4B0030CC30 = {
			isa = PBXGroup;
			children = (
				6B1182E822735B4B0030CC30 /* LikeAppStore */,
				6B1182E722735B4B0030CC30 /* Products */,
				7D0E5D578D0BA010047483C9 /* Pods */,
				3DD7B4C8ACA34DAE9E0A56A6 /* Frameworks */,
			);
			sourceTree = "<group>";
		};
		6B1182E722735B4B0030CC30 /* Products */ = {
			isa = PBXGroup;
			children = (
				6B1182E622735B4B0030CC30 /* LikeAppStore.app */,
			);
			name = Products;
			sourceTree = "<group>";
		};
		6B1182E822735B4B0030CC30 /* LikeAppStore */ = {
			isa = PBXGroup;
			children = (
				6B1182E922735B4B0030CC30 /* AppDelegate.swift */,
				6B11830C22745B640030CC30 /* Service */,
				6B118309227457540030CC30 /* Model */,
				6B118301227379C00030CC30 /* Views */,
				6B11830022736BEC0030CC30 /* Controller */,
				6B11830622737E520030CC30 /* Helpers */,
				6B1182FB22735BB60030CC30 /* Supporting Files */,
				6B1182F522735B4D0030CC30 /* Info.plist */,
			);
			path = LikeAppStore;
			sourceTree = "<group>";
		};
		6B1182FB22735BB60030CC30 /* Supporting Files */ = {
			isa = PBXGroup;
			children = (
				6B1182ED22735B4B0030CC30 /* Main.storyboard */,
				6B1182F022735B4D0030CC30 /* Assets.xcassets */,
				6B1182F222735B4D0030CC30 /* LaunchScreen.storyboard */,
			);
			path = "Supporting Files";
			sourceTree = "<group>";
		};
		6B11830022736BEC0030CC30 /* Controller */ = {
			isa = PBXGroup;
			children = (
				6B11830F22749F6B0030CC30 /* Apps */,
				6B1183142274A0A40030CC30 /* Search */,
				6B1182FC22735BD30030CC30 /* BaseTabBarController.swift */,
				6B1183152274A0BF0030CC30 /* BaseListController.swift */,
			);
			path = Controller;
			sourceTree = "<group>";
		};
		6B118301227379C00030CC30 /* Views */ = {
			isa = PBXGroup;
			children = (
				6B1183172274A17F0030CC30 /* Apps */,
				6B1183302275F38C0030CC30 /* Search */,
			);
			path = Views;
			sourceTree = "<group>";
		};
		6B11830622737E520030CC30 /* Helpers */ = {
			isa = PBXGroup;
			children = (
				6B11830422737E460030CC30 /* UIView+Layout.swift */,
				6B118307227382960030CC30 /* VerticalStackView.swift */,
				6B11831E2274AC530030CC30 /* Extensions.swift */,
				6B118335227633A50030CC30 /* BettersSnapingLayout.swift */,
			);
			path = Helpers;
			sourceTree = "<group>";
		};
		6B118309227457540030CC30 /* Model */ = {
			isa = PBXGroup;
			children = (
				6B11830A2274577D0030CC30 /* SearchResult.swift */,
				6B11832E2275E98A0030CC30 /* AppGroup.swift */,
				6B1183312275FB2C0030CC30 /* SocialApp.swift */,
			);
			path = Model;
			sourceTree = "<group>";
		};
		6B11830C22745B640030CC30 /* Service */ = {
			isa = PBXGroup;
			children = (
				6B11830D22745B700030CC30 /* Service.swift */,
			);
			path = Service;
			sourceTree = "<group>";
		};
		6B11830F22749F6B0030CC30 /* Apps */ = {
			isa = PBXGroup;
			children = (
				6B118337227637FF0030CC30 /* Details */,
				6B11832C2275E8510030CC30 /* AppsPageController.swift */,
				6B11831A2274A3640030CC30 /* AppsHorizontalController.swift */,
				6B118333227630090030CC30 /* HorizontalSnappingController.swift */,
				6B1183242274B4E70030CC30 /* AppsHeaderHorizontalController.swift */,
			);
			path = Apps;
			sourceTree = "<group>";
		};
		6B1183142274A0A40030CC30 /* Search */ = {
			isa = PBXGroup;
			children = (
				6B1182FE22736B9B0030CC30 /* AppSearchController.swift */,
			);
			path = Search;
			sourceTree = "<group>";
		};
		6B1183172274A17F0030CC30 /* Apps */ = {
			isa = PBXGroup;
			children = (
				6B11833A22763CC50030CC30 /* Details */,
				6B1183182274A1910030CC30 /* AppsGroupCell.swift */,
				6B11831C2274ABD10030CC30 /* AppRowCell.swift */,
				6B1183222274B3960030CC30 /* AppsPageHeader.swift */,
				6B1183262274B5CC0030CC30 /* AppsHeaderCell.swift */,
			);
			path = Apps;
			sourceTree = "<group>";
		};
		6B1183302275F38C0030CC30 /* Search */ = {
			isa = PBXGroup;
			children = (
				6B118302227379CE0030CC30 /* SearchResultCell.swift */,
			);
			path = Search;
			sourceTree = "<group>";
		};
		6B118337227637FF0030CC30 /* Details */ = {
			isa = PBXGroup;
			children = (
				6B118338227638120030CC30 /* AppDetailController.swift */,
			);
			path = Details;
			sourceTree = "<group>";
		};
		6B11833A22763CC50030CC30 /* Details */ = {
			isa = PBXGroup;
			children = (
				6B11833B22763CD50030CC30 /* AppDetailsCell.swift */,
			);
			path = Details;
			sourceTree = "<group>";
		};
		7D0E5D578D0BA010047483C9 /* Pods */ = {
			isa = PBXGroup;
			children = (
				96E2F0A5868E369A63F5BD5C /* Pods-LikeAppStore.debug.xcconfig */,
				C1C2F27D9664451AA8912B1E /* Pods-LikeAppStore.release.xcconfig */,
			);
			name = Pods;
			sourceTree = "<group>";
		};
/* End PBXGroup section */

/* Begin PBXNativeTarget section */
		6B1182E522735B4B0030CC30 /* LikeAppStore */ = {
			isa = PBXNativeTarget;
			buildConfigurationList = 6B1182F822735B4D0030CC30 /* Build configuration list for PBXNativeTarget "LikeAppStore" */;
			buildPhases = (
				71436470FDE6ED939380C0F6 /* [CP] Check Pods Manifest.lock */,
				6B1182E222735B4B0030CC30 /* Sources */,
				6B1182E322735B4B0030CC30 /* Frameworks */,
				6B1182E422735B4B0030CC30 /* Resources */,
				804A4C3741D86A4C1AEC7570 /* [CP] Embed Pods Frameworks */,
			);
			buildRules = (
			);
			dependencies = (
			);
			name = LikeAppStore;
			productName = LikeAppStore;
			productReference = 6B1182E622735B4B0030CC30 /* LikeAppStore.app */;
			productType = "com.apple.product-type.application";
		};
/* End PBXNativeTarget section */

/* Begin PBXProject section */
		6B1182DE22735B4B0030CC30 /* Project object */ = {
			isa = PBXProject;
			attributes = {
				LastSwiftUpdateCheck = 1010;
				LastUpgradeCheck = 1010;
				ORGANIZATIONNAME = "ivica petrsoric";
				TargetAttributes = {
					6B1182E522735B4B0030CC30 = {
						CreatedOnToolsVersion = 10.1;
					};
				};
			};
			buildConfigurationList = 6B1182E122735B4B0030CC30 /* Build configuration list for PBXProject "LikeAppStore" */;
			compatibilityVersion = "Xcode 9.3";
			developmentRegion = en;
			hasScannedForEncodings = 0;
			knownRegions = (
				en,
				Base,
			);
			mainGroup = 6B1182DD22735B4B0030CC30;
			productRefGroup = 6B1182E722735B4B0030CC30 /* Products */;
			projectDirPath = "";
			projectRoot = "";
			targets = (
				6B1182E522735B4B0030CC30 /* LikeAppStore */,
			);
		};
/* End PBXProject section */

/* Begin PBXResourcesBuildPhase section */
		6B1182E422735B4B0030CC30 /* Resources */ = {
			isa = PBXResourcesBuildPhase;
			buildActionMask = 2147483647;
			files = (
				6B1182F422735B4D0030CC30 /* LaunchScreen.storyboard in Resources */,
				6B1182F122735B4D0030CC30 /* Assets.xcassets in Resources */,
				6B1182EF22735B4B0030CC30 /* Main.storyboard in Resources */,
			);
			runOnlyForDeploymentPostprocessing = 0;
		};
/* End PBXResourcesBuildPhase section */

/* Begin PBXShellScriptBuildPhase section */
		71436470FDE6ED939380C0F6 /* [CP] Check Pods Manifest.lock */ = {
			isa = PBXShellScriptBuildPhase;
			buildActionMask = 2147483647;
			files = (
			);
			inputFileListPaths = (
			);
			inputPaths = (
				"${PODS_PODFILE_DIR_PATH}/Podfile.lock",
				"${PODS_ROOT}/Manifest.lock",
			);
			name = "[CP] Check Pods Manifest.lock";
			outputFileListPaths = (
			);
			outputPaths = (
				"$(DERIVED_FILE_DIR)/Pods-LikeAppStore-checkManifestLockResult.txt",
			);
			runOnlyForDeploymentPostprocessing = 0;
			shellPath = /bin/sh;
			shellScript = "diff \"${PODS_PODFILE_DIR_PATH}/Podfile.lock\" \"${PODS_ROOT}/Manifest.lock\" > /dev/null\nif [ $? != 0 ] ; then\n    # print error to STDERR\n    echo \"error: The sandbox is not in sync with the Podfile.lock. Run 'pod install' or update your CocoaPods installation.\" >&2\n    exit 1\nfi\n# This output is used by Xcode 'outputs' to avoid re-running this script phase.\necho \"SUCCESS\" > \"${SCRIPT_OUTPUT_FILE_0}\"\n";
			showEnvVarsInLog = 0;
		};
		804A4C3741D86A4C1AEC7570 /* [CP] Embed Pods Frameworks */ = {
			isa = PBXShellScriptBuildPhase;
			buildActionMask = 2147483647;
			files = (
			);
			inputFileListPaths = (
			);
			inputPaths = (
				"${SRCROOT}/Pods/Target Support Files/Pods-LikeAppStore/Pods-LikeAppStore-frameworks.sh",
				"${BUILT_PRODUCTS_DIR}/SDWebImage/SDWebImage.framework",
			);
			name = "[CP] Embed Pods Frameworks";
			outputFileListPaths = (
			);
			outputPaths = (
				"${TARGET_BUILD_DIR}/${FRAMEWORKS_FOLDER_PATH}/SDWebImage.framework",
			);
			runOnlyForDeploymentPostprocessing = 0;
			shellPath = /bin/sh;
			shellScript = "\"${SRCROOT}/Pods/Target Support Files/Pods-LikeAppStore/Pods-LikeAppStore-frameworks.sh\"\n";
			showEnvVarsInLog = 0;
		};
/* End PBXShellScriptBuildPhase section */

/* Begin PBXSourcesBuildPhase section */
		6B1182E222735B4B0030CC30 /* Sources */ = {
			isa = PBXSourcesBuildPhase;
			buildActionMask = 2147483647;
			files = (
				6B11832D2275E8510030CC30 /* AppsPageController.swift in Sources */,
				6B1183162274A0BF0030CC30 /* BaseListController.swift in Sources */,
				6B1182EA22735B4B0030CC30 /* AppDelegate.swift in Sources */,
				6B1183232274B3960030CC30 /* AppsPageHeader.swift in Sources */,
				6B1183192274A1910030CC30 /* AppsGroupCell.swift in Sources */,
				6B1183322275FB2C0030CC30 /* SocialApp.swift in Sources */,
				6B118334227630090030CC30 /* HorizontalSnappingController.swift in Sources */,
				6B11830E22745B700030CC30 /* Service.swift in Sources */,
				6B11830B2274577D0030CC30 /* SearchResult.swift in Sources */,
				6B11833C22763CD50030CC30 /* AppDetailsCell.swift in Sources */,
				6B118308227382960030CC30 /* VerticalStackView.swift in Sources */,
				6B118336227633A50030CC30 /* BettersSnapingLayout.swift in Sources */,
				6B1182FF22736B9B0030CC30 /* AppSearchController.swift in Sources */,
				6B118303227379CE0030CC30 /* SearchResultCell.swift in Sources */,
				6B1183272274B5CC0030CC30 /* AppsHeaderCell.swift in Sources */,
				6B118339227638120030CC30 /* AppDetailController.swift in Sources */,
				6B1183252274B4E70030CC30 /* AppsHeaderHorizontalController.swift in Sources */,
				6B1182FD22735BD30030CC30 /* BaseTabBarController.swift in Sources */,
				6B11832F2275E98A0030CC30 /* AppGroup.swift in Sources */,
				6B11831D2274ABD10030CC30 /* AppRowCell.swift in Sources */,
				6B11830522737E460030CC30 /* UIView+Layout.swift in Sources */,
				6B11831B2274A3640030CC30 /* AppsHorizontalController.swift in Sources */,
				6B11831F2274AC530030CC30 /* Extensions.swift in Sources */,
			);
			runOnlyForDeploymentPostprocessing = 0;
		};
/* End PBXSourcesBuildPhase section */

/* Begin PBXVariantGroup section */
		6B1182ED22735B4B0030CC30 /* Main.storyboard */ = {
			isa = PBXVariantGroup;
			children = (
				6B1182EE22735B4B0030CC30 /* Base */,
			);
			name = Main.storyboard;
			sourceTree = "<group>";
		};
		6B1182F222735B4D0030CC30 /* LaunchScreen.storyboard */ = {
			isa = PBXVariantGroup;
			children = (
				6B1182F322735B4D0030CC30 /* Base */,
			);
			name = LaunchScreen.storyboard;
			sourceTree = "<group>";
		};
/* End PBXVariantGroup section */

/* Begin XCBuildConfiguration section */
		6B1182F622735B4D0030CC30 /* Debug */ = {
			isa = XCBuildConfiguration;
			buildSettings = {
				ALWAYS_SEARCH_USER_PATHS = NO;
				CLANG_ANALYZER_NONNULL = YES;
				CLANG_ANALYZER_NUMBER_OBJECT_CONVERSION = YES_AGGRESSIVE;
				CLANG_CXX_LANGUAGE_STANDARD = "gnu++14";
				CLANG_CXX_LIBRARY = "libc++";
				CLANG_ENABLE_MODULES = YES;
				CLANG_ENABLE_OBJC_ARC = YES;
				CLANG_ENABLE_OBJC_WEAK = YES;
				CLANG_WARN_BLOCK_CAPTURE_AUTORELEASING = YES;
				CLANG_WARN_BOOL_CONVERSION = YES;
				CLANG_WARN_COMMA = YES;
				CLANG_WARN_CONSTANT_CONVERSION = YES;
				CLANG_WARN_DEPRECATED_OBJC_IMPLEMENTATIONS = YES;
				CLANG_WARN_DIRECT_OBJC_ISA_USAGE = YES_ERROR;
				CLANG_WARN_DOCUMENTATION_COMMENTS = YES;
				CLANG_WARN_EMPTY_BODY = YES;
				CLANG_WARN_ENUM_CONVERSION = YES;
				CLANG_WARN_INFINITE_RECURSION = YES;
				CLANG_WARN_INT_CONVERSION = YES;
				CLANG_WARN_NON_LITERAL_NULL_CONVERSION = YES;
				CLANG_WARN_OBJC_IMPLICIT_RETAIN_SELF = YES;
				CLANG_WARN_OBJC_LITERAL_CONVERSION = YES;
				CLANG_WARN_OBJC_ROOT_CLASS = YES_ERROR;
				CLANG_WARN_RANGE_LOOP_ANALYSIS = YES;
				CLANG_WARN_STRICT_PROTOTYPES = YES;
				CLANG_WARN_SUSPICIOUS_MOVE = YES;
				CLANG_WARN_UNGUARDED_AVAILABILITY = YES_AGGRESSIVE;
				CLANG_WARN_UNREACHABLE_CODE = YES;
				CLANG_WARN__DUPLICATE_METHOD_MATCH = YES;
				CODE_SIGN_IDENTITY = "iPhone Developer";
				COPY_PHASE_STRIP = NO;
				DEBUG_INFORMATION_FORMAT = dwarf;
				ENABLE_STRICT_OBJC_MSGSEND = YES;
				ENABLE_TESTABILITY = YES;
				GCC_C_LANGUAGE_STANDARD = gnu11;
				GCC_DYNAMIC_NO_PIC = NO;
				GCC_NO_COMMON_BLOCKS = YES;
				GCC_OPTIMIZATION_LEVEL = 0;
				GCC_PREPROCESSOR_DEFINITIONS = (
					"DEBUG=1",
					"$(inherited)",
				);
				GCC_WARN_64_TO_32_BIT_CONVERSION = YES;
				GCC_WARN_ABOUT_RETURN_TYPE = YES_ERROR;
				GCC_WARN_UNDECLARED_SELECTOR = YES;
				GCC_WARN_UNINITIALIZED_AUTOS = YES_AGGRESSIVE;
				GCC_WARN_UNUSED_FUNCTION = YES;
				GCC_WARN_UNUSED_VARIABLE = YES;
				IPHONEOS_DEPLOYMENT_TARGET = 12.1;
				MTL_ENABLE_DEBUG_INFO = INCLUDE_SOURCE;
				MTL_FAST_MATH = YES;
				ONLY_ACTIVE_ARCH = YES;
				SDKROOT = iphoneos;
				SWIFT_ACTIVE_COMPILATION_CONDITIONS = DEBUG;
				SWIFT_OPTIMIZATION_LEVEL = "-Onone";
			};
			name = Debug;
		};
		6B1182F722735B4D0030CC30 /* Release */ = {
			isa = XCBuildConfiguration;
			buildSettings = {
				ALWAYS_SEARCH_USER_PATHS = NO;
				CLANG_ANALYZER_NONNULL = YES;
				CLANG_ANALYZER_NUMBER_OBJECT_CONVERSION = YES_AGGRESSIVE;
				CLANG_CXX_LANGUAGE_STANDARD = "gnu++14";
				CLANG_CXX_LIBRARY = "libc++";
				CLANG_ENABLE_MODULES = YES;
				CLANG_ENABLE_OBJC_ARC = YES;
				CLANG_ENABLE_OBJC_WEAK = YES;
				CLANG_WARN_BLOCK_CAPTURE_AUTORELEASING = YES;
				CLANG_WARN_BOOL_CONVERSION = YES;
				CLANG_WARN_COMMA = YES;
				CLANG_WARN_CONSTANT_CONVERSION = YES;
				CLANG_WARN_DEPRECATED_OBJC_IMPLEMENTATIONS = YES;
				CLANG_WARN_DIRECT_OBJC_ISA_USAGE = YES_ERROR;
				CLANG_WARN_DOCUMENTATION_COMMENTS = YES;
				CLANG_WARN_EMPTY_BODY = YES;
				CLANG_WARN_ENUM_CONVERSION = YES;
				CLANG_WARN_INFINITE_RECURSION = YES;
				CLANG_WARN_INT_CONVERSION = YES;
				CLANG_WARN_NON_LITERAL_NULL_CONVERSION = YES;
				CLANG_WARN_OBJC_IMPLICIT_RETAIN_SELF = YES;
				CLANG_WARN_OBJC_LITERAL_CONVERSION = YES;
				CLANG_WARN_OBJC_ROOT_CLASS = YES_ERROR;
				CLANG_WARN_RANGE_LOOP_ANALYSIS = YES;
				CLANG_WARN_STRICT_PROTOTYPES = YES;
				CLANG_WARN_SUSPICIOUS_MOVE = YES;
				CLANG_WARN_UNGUARDED_AVAILABILITY = YES_AGGRESSIVE;
				CLANG_WARN_UNREACHABLE_CODE = YES;
				CLANG_WARN__DUPLICATE_METHOD_MATCH = YES;
				CODE_SIGN_IDENTITY = "iPhone Developer";
				COPY_PHASE_STRIP = NO;
				DEBUG_INFORMATION_FORMAT = "dwarf-with-dsym";
				ENABLE_NS_ASSERTIONS = NO;
				ENABLE_STRICT_OBJC_MSGSEND = YES;
				GCC_C_LANGUAGE_STANDARD = gnu11;
				GCC_NO_COMMON_BLOCKS = YES;
				GCC_WARN_64_TO_32_BIT_CONVERSION = YES;
				GCC_WARN_ABOUT_RETURN_TYPE = YES_ERROR;
				GCC_WARN_UNDECLARED_SELECTOR = YES;
				GCC_WARN_UNINITIALIZED_AUTOS = YES_AGGRESSIVE;
				GCC_WARN_UNUSED_FUNCTION = YES;
				GCC_WARN_UNUSED_VARIABLE = YES;
				IPHONEOS_DEPLOYMENT_TARGET = 12.1;
				MTL_ENABLE_DEBUG_INFO = NO;
				MTL_FAST_MATH = YES;
				SDKROOT = iphoneos;
				SWIFT_COMPILATION_MODE = wholemodule;
				SWIFT_OPTIMIZATION_LEVEL = "-O";
				VALIDATE_PRODUCT = YES;
			};
			name = Release;
		};
		6B1182F922735B4D0030CC30 /* Debug */ = {
			isa = XCBuildConfiguration;
			baseConfigurationReference = 96E2F0A5868E369A63F5BD5C /* Pods-LikeAppStore.debug.xcconfig */;
			buildSettings = {
				ASSETCATALOG_COMPILER_APPICON_NAME = AppIcon;
				CODE_SIGN_STYLE = Automatic;
				DEVELOPMENT_TEAM = 74PDM76YJS;
				INFOPLIST_FILE = LikeAppStore/Info.plist;
				LD_RUNPATH_SEARCH_PATHS = (
					"$(inherited)",
					"@executable_path/Frameworks",
				);
				PRODUCT_BUNDLE_IDENTIFIER = ivica.petrsoric.LikeAppStore;
				PRODUCT_NAME = "$(TARGET_NAME)";
				SWIFT_VERSION = 4.2;
				TARGETED_DEVICE_FAMILY = "1,2";
			};
			name = Debug;
		};
		6B1182FA22735B4D0030CC30 /* Release */ = {
			isa = XCBuildConfiguration;
			baseConfigurationReference = C1C2F27D9664451AA8912B1E /* Pods-LikeAppStore.release.xcconfig */;
			buildSettings = {
				ASSETCATALOG_COMPILER_APPICON_NAME = AppIcon;
				CODE_SIGN_STYLE = Automatic;
				DEVELOPMENT_TEAM = 74PDM76YJS;
				INFOPLIST_FILE = LikeAppStore/Info.plist;
				LD_RUNPATH_SEARCH_PATHS = (
					"$(inherited)",
					"@executable_path/Frameworks",
				);
				PRODUCT_BUNDLE_IDENTIFIER = ivica.petrsoric.LikeAppStore;
				PRODUCT_NAME = "$(TARGET_NAME)";
				SWIFT_VERSION = 4.2;
				TARGETED_DEVICE_FAMILY = "1,2";
			};
			name = Release;
		};
/* End XCBuildConfiguration section */

/* Begin XCConfigurationList section */
		6B1182E122735B4B0030CC30 /* Build configuration list for PBXProject "LikeAppStore" */ = {
			isa = XCConfigurationList;
			buildConfigurations = (
				6B1182F622735B4D0030CC30 /* Debug */,
				6B1182F722735B4D0030CC30 /* Release */,
			);
			defaultConfigurationIsVisible = 0;
			defaultConfigurationName = Release;
		};
		6B1182F822735B4D0030CC30 /* Build configuration list for PBXNativeTarget "LikeAppStore" */ = {
			isa = XCConfigurationList;
			buildConfigurations = (
				6B1182F922735B4D0030CC30 /* Debug */,
				6B1182FA22735B4D0030CC30 /* Release */,
			);
			defaultConfigurationIsVisible = 0;
			defaultConfigurationName = Release;
		};
/* End XCConfigurationList section */
	};
	rootObject = 6B1182DE22735B4B0030CC30 /* Project object */;
}
